
Microsoft Visual Studio Solution File, Format Version 12.00
# Visual Studio Version 17
VisualStudioVersion = 17.3.32922.545
MinimumVisualStudioVersion = 10.0.40219.1
Project("{FAE04EC0-301F-11D3-BF4B-00C04F79EFBC}") = "ManagedNetSdoGeometry", "ManagedNetSdoGeometry\ManagedNetSdoGeometry.csproj", "{1C70867E-EC66-41A3-8EE2-5A4CBE0D15BA}"
EndProject
Global
	GlobalSection(SolutionConfigurationPlatforms) = preSolution
		Debug|Any CPU = Debug|Any CPU
		Release|Any CPU = Release|Any CPU
	EndGlobalSection
	GlobalSection(ProjectConfigurationPlatforms) = postSolution
		{1C70867E-EC66-41A3-8EE2-5A4CBE0D15BA}.Debug|Any CPU.ActiveCfg = Debug|Any CPU
		{1C70867E-EC66-41A3-8EE2-5A4CBE0D15BA}.Debug|Any CPU.Build.0 = Debug|Any CPU
		{1C70867E-EC66-41A3-8EE2-5A4CBE0D15BA}.Release|Any CPU.ActiveCfg = Release|Any CPU
		{1C70867E-EC66-41A3-8EE2-5A4CBE0D15BA}.Release|Any CPU.Build.0 = Release|Any CPU
	EndGlobalSection
	GlobalSection(SolutionProperties) = preSolution
		HideSolutionNode = FALSE
	EndGlobalSection
	GlobalSection(ExtensibilityGlobals) = postSolution
		SolutionGuid = {B46B1632-DD30-4C01-9F7C-E4D5262C7F75}
	EndGlobalSection
EndGlobal
